// !$*UTF8*$!
{
	archiveVersion = 1;
	classes = {
	};
	objectVersion = 50;
	objects = {

/* Begin PBXBuildFile section */
		BF34BE3626B3276E00D378F9 /* ErrorHandlingExampleApp.swift in Sources */ = {isa = PBXBuildFile; fileRef = BF34BE3526B3276E00D378F9 /* ErrorHandlingExampleApp.swift */; };
		BF34BE3826B3276E00D378F9 /* ContentView.swift in Sources */ = {isa = PBXBuildFile; fileRef = BF34BE3726B3276E00D378F9 /* ContentView.swift */; };
		BF34BE3A26B3276E00D378F9 /* Assets.xcassets in Resources */ = {isa = PBXBuildFile; fileRef = BF34BE3926B3276E00D378F9 /* Assets.xcassets */; };
		BF34BE3D26B3276E00D378F9 /* Preview Assets.xcassets in Resources */ = {isa = PBXBuildFile; fileRef = BF34BE3C26B3276E00D378F9 /* Preview Assets.xcassets */; };
		BF34BE4526B3279F00D378F9 /* ErrorHandling.swift in Sources */ = {isa = PBXBuildFile; fileRef = BF34BE4426B3279F00D378F9 /* ErrorHandling.swift */; };
		BF34BE4726B32B4F00D378F9 /* AlertExampleView.swift in Sources */ = {isa = PBXBuildFile; fileRef = BF34BE4626B32B4F00D378F9 /* AlertExampleView.swift */; };
/* End PBXBuildFile section */

/* Begin PBXFileReference section */
		BF34BE3226B3276E00D378F9 /* ErrorHandlingExample.app */ = {isa = PBXFileReference; explicitFileType = wrapper.application; includeInIndex = 0; path = ErrorHandlingExample.app; sourceTree = BUILT_PRODUCTS_DIR; };
		BF34BE3526B3276E00D378F9 /* ErrorHandlingExampleApp.swift */ = {isa = PBXFileReference; lastKnownFileType = sourcecode.swift; path = ErrorHandlingExampleApp.swift; sourceTree = "<group>"; };
		BF34BE3726B3276E00D378F9 /* ContentView.swift */ = {isa = PBXFileReference; lastKnownFileType = sourcecode.swift; path = ContentView.swift; sourceTree = "<group>"; };
		BF34BE3926B3276E00D378F9 /* Assets.xcassets */ = {isa = PBXFileReference; lastKnownFileType = folder.assetcatalog; path = Assets.xcassets; sourceTree = "<group>"; };
		BF34BE3C26B3276E00D378F9 /* Preview Assets.xcassets */ = {isa = PBXFileReference; lastKnownFileType = folder.assetcatalog; path = "Preview Assets.xcassets"; sourceTree = "<group>"; };
		BF34BE3E26B3276E00D378F9 /* Info.plist */ = {isa = PBXFileReference; lastKnownFileType = text.plist.xml; path = Info.plist; sourceTree = "<group>"; };
		BF34BE4426B3279F00D378F9 /* ErrorHandling.swift */ = {isa = PBXFileReference; lastKnownFileType = sourcecode.swift; path = ErrorHandling.swift; sourceTree = "<group>"; };
		BF34BE4626B32B4F00D378F9 /* AlertExampleView.swift */ = {isa = PBXFileReference; lastKnownFileType = sourcecode.swift; path = AlertExampleView.swift; sourceTree = "<group>"; };
/* End PBXFileReference section */

/* Begin PBXFrameworksBuildPhase section */
		BF34BE2F26B3276E00D378F9 /* Frameworks */ = {
			isa = PBXFrameworksBuildPhase;
			buildActionMask = 2147483647;
			files = (
			);
			runOnlyForDeploymentPostprocessing = 0;
		};
/* End PBXFrameworksBuildPhase section */

/* Begin PBXGroup section */
		BF34BE2926B3276E00D378F9 = {
			isa = PBXGroup;
			children = (
				BF34BE3426B3276E00D378F9 /* ErrorHandlingExample */,
				BF34BE3326B3276E00D378F9 /* Products */,
			);
			sourceTree = "<group>";
		};
		BF34BE3326B3276E00D378F9 /* Products */ = {
			isa = PBXGroup;
			children = (
				BF34BE3226B3276E00D378F9 /* ErrorHandlingExample.app */,
			);
			name = Products;
			sourceTree = "<group>";
		};
		BF34BE3426B3276E00D378F9 /* ErrorHandlingExample */ = {
			isa = PBXGroup;
			children = (
				BF34BE3526B3276E00D378F9 /* ErrorHandlingExampleApp.swift */,
				BF34BE3726B3276E00D378F9 /* ContentView.swift */,
				BF34BE3926B3276E00D378F9 /* Assets.xcassets */,
				BF34BE3E26B3276E00D378F9 /* Info.plist */,
				BF34BE3B26B3276E00D378F9 /* Preview Content */,
				BF34BE4426B3279F00D378F9 /* ErrorHandling.swift */,
				BF34BE4626B32B4F00D378F9 /* AlertExampleView.swift */,
			);
			path = ErrorHandlingExample;
			sourceTree = "<group>";
		};
		BF34BE3B26B3276E00D378F9 /* Preview Content */ = {
			isa = PBXGroup;
			children = (
				BF34BE3C26B3276E00D378F9 /* Preview Assets.xcassets */,
			);
			path = "Preview Content";
			sourceTree = "<group>";
		};
/* End PBXGroup section */

/* Begin PBXNativeTarget section */
		BF34BE3126B3276E00D378F9 /* ErrorHandlingExample */ = {
			isa = PBXNativeTarget;
			buildConfigurationList = BF34BE4126B3276E00D378F9 /* Build configuration list for PBXNativeTarget "ErrorHandlingExample" */;
			buildPhases = (
				BF34BE2E26B3276E00D378F9 /* Sources */,
				BF34BE2F26B3276E00D378F9 /* Frameworks */,
				BF34BE3026B3276E00D378F9 /* Resources */,
			);
			buildRules = (
			);
			dependencies = (
			);
			name = ErrorHandlingExample;
			productName = ErrorHandlingExample;
			productReference = BF34BE3226B3276E00D378F9 /* ErrorHandlingExample.app */;
			productType = "com.apple.product-type.application";
		};
/* End PBXNativeTarget section */

/* Begin PBXProject section */
		BF34BE2A26B3276E00D378F9 /* Project object */ = {
			isa = PBXProject;
			attributes = {
				LastSwiftUpdateCheck = 1250;
				LastUpgradeCheck = 1250;
				TargetAttributes = {
					BF34BE3126B3276E00D378F9 = {
						CreatedOnToolsVersion = 12.5.1;
					};
				};
			};
			buildConfigurationList = BF34BE2D26B3276E00D378F9 /* Build configuration list for PBXProject "ErrorHandlingExample" */;
			compatibilityVersion = "Xcode 9.3";
			developmentRegion = en;
			hasScannedForEncodings = 0;
			knownRegions = (
				en,
				Base,
			);
			mainGroup = BF34BE2926B3276E00D378F9;
			productRefGroup = BF34BE3326B3276E00D378F9 /* Products */;
			projectDirPath = "";
			projectRoot = "";
			targets = (
				BF34BE3126B3276E00D378F9 /* ErrorHandlingExample */,
			);
		};
/* End PBXProject section */

/* Begin PBXResourcesBuildPhase section */
		BF34BE3026B3276E00D378F9 /* Resources */ = {
			isa = PBXResourcesBuildPhase;
			buildActionMask = 2147483647;
			files = (
				BF34BE3D26B3276E00D378F9 /* Preview Assets.xcassets in Resources */,
				BF34BE3A26B3276E00D378F9 /* Assets.xcassets in Resources */,
			);
			runOnlyForDeploymentPostprocessing = 0;
		};
/* End PBXResourcesBuildPhase section */

/* Begin PBXSourcesBuildPhase section */
		BF34BE2E26B3276E00D378F9 /* Sources */ = {
			isa = PBXSourcesBuildPhase;
			buildActionMask = 2147483647;
			files = (
				BF34BE4726B32B4F00D378F9 /* AlertExampleView.swift in Sources */,
				BF34BE4526B3279F00D378F9 /* ErrorHandling.swift in Sources */,
				BF34BE3826B3276E00D378F9 /* ContentView.swift in Sources */,
				BF34BE3626B3276E00D378F9 /* ErrorHandlingExampleApp.swift in Sources */,
			);
			runOnlyForDeploymentPostprocessing = 0;
		};
/* End PBXSourcesBuildPhase section */

/* Begin XCBuildConfiguration section */
		BF34BE3F26B3276E00D378F9 /* Debug */ = {
			isa = XCBuildConfiguration;
			buildSettings = {
				ALWAYS_SEARCH_USER_PATHS = NO;
				CLANG_ANALYZER_NONNULL = YES;
				CLANG_ANALYZER_NUMBER_OBJECT_CONVERSION = YES_AGGRESSIVE;
				CLANG_CXX_LANGUAGE_STANDARD = "gnu++14";
				CLANG_CXX_LIBRARY = "libc++";
				CLANG_ENABLE_MODULES = YES;
				CLANG_ENABLE_OBJC_ARC = YES;
				CLANG_ENABLE_OBJC_WEAK = YES;
				CLANG_WARN_BLOCK_CAPTURE_AUTORELEASING = YES;
				CLANG_WARN_BOOL_CONVERSION = YES;
				CLANG_WARN_COMMA = YES;
				CLANG_WARN_CONSTANT_CONVERSION = YES;
				CLANG_WARN_DEPRECATED_OBJC_IMPLEMENTATIONS = YES;
				CLANG_WARN_DIRECT_OBJC_ISA_USAGE = YES_ERROR;
				CLANG_WARN_DOCUMENTATION_COMMENTS = YES;
				CLANG_WARN_EMPTY_BODY = YES;
				CLANG_WARN_ENUM_CONVERSION = YES;
				CLANG_WARN_INFINITE_RECURSION = YES;
				CLANG_WARN_INT_CONVERSION = YES;
				CLANG_WARN_NON_LITERAL_NULL_CONVERSION = YES;
				CLANG_WARN_OBJC_IMPLICIT_RETAIN_SELF = YES;
				CLANG_WARN_OBJC_LITERAL_CONVERSION = YES;
				CLANG_WARN_OBJC_ROOT_CLASS = YES_ERROR;
				CLANG_WARN_QUOTED_INCLUDE_IN_FRAMEWORK_HEADER = YES;
				CLANG_WARN_RANGE_LOOP_ANALYSIS = YES;
				CLANG_WARN_STRICT_PROTOTYPES = YES;
				CLANG_WARN_SUSPICIOUS_MOVE = YES;
				CLANG_WARN_UNGUARDED_AVAILABILITY = YES_AGGRESSIVE;
				CLANG_WARN_UNREACHABLE_CODE = YES;
				CLANG_WARN__DUPLICATE_METHOD_MATCH = YES;
				COPY_PHASE_STRIP = NO;
				DEBUG_INFORMATION_FORMAT = dwarf;
				ENABLE_STRICT_OBJC_MSGSEND = YES;
				ENABLE_TESTABILITY = YES;
				GCC_C_LANGUAGE_STANDARD = gnu11;
				GCC_DYNAMIC_NO_PIC = NO;
				GCC_NO_COMMON_BLOCKS = YES;
				GCC_OPTIMIZATION_LEVEL = 0;
				GCC_PREPROCESSOR_DEFINITIONS = (
					"DEBUG=1",
					"$(inherited)",
				);
				GCC_WARN_64_TO_32_BIT_CONVERSION = YES;
				GCC_WARN_ABOUT_RETURN_TYPE = YES_ERROR;
				GCC_WARN_UNDECLARED_SELECTOR = YES;
				GCC_WARN_UNINITIALIZED_AUTOS = YES_AGGRESSIVE;
				GCC_WARN_UNUSED_FUNCTION = YES;
				GCC_WARN_UNUSED_VARIABLE = YES;
				IPHONEOS_DEPLOYMENT_TARGET = 14.5;
				MTL_ENABLE_DEBUG_INFO = INCLUDE_SOURCE;
				MTL_FAST_MATH = YES;
				ONLY_ACTIVE_ARCH = YES;
				SDKROOT = iphoneos;
				SWIFT_ACTIVE_COMPILATION_CONDITIONS = DEBUG;
				SWIFT_OPTIMIZATION_LEVEL = "-Onone";
			};
			name = Debug;
		};
		BF34BE4026B3276E00D378F9 /* Release */ = {
			isa = XCBuildConfiguration;
			buildSettings = {
				ALWAYS_SEARCH_USER_PATHS = NO;
				CLANG_ANALYZER_NONNULL = YES;
				CLANG_ANALYZER_NUMBER_OBJECT_CONVERSION = YES_AGGRESSIVE;
				CLANG_CXX_LANGUAGE_STANDARD = "gnu++14";
				CLANG_CXX_LIBRARY = "libc++";
				CLANG_ENABLE_MODULES = YES;
				CLANG_ENABLE_OBJC_ARC = YES;
				CLANG_ENABLE_OBJC_WEAK = YES;
				CLANG_WARN_BLOCK_CAPTURE_AUTORELEASING = YES;
				CLANG_WARN_BOOL_CONVERSION = YES;
				CLANG_WARN_COMMA = YES;
				CLANG_WARN_CONSTANT_CONVERSION = YES;
				CLANG_WARN_DEPRECATED_OBJC_IMPLEMENTATIONS = YES;
				CLANG_WARN_DIRECT_OBJC_ISA_USAGE = YES_ERROR;
				CLANG_WARN_DOCUMENTATION_COMMENTS = YES;
				CLANG_WARN_EMPTY_BODY = YES;
				CLANG_WARN_ENUM_CONVERSION = YES;
				CLANG_WARN_INFINITE_RECURSION = YES;
				CLANG_WARN_INT_CONVERSION = YES;
				CLANG_WARN_NON_LITERAL_NULL_CONVERSION = YES;
				CLANG_WARN_OBJC_IMPLICIT_RETAIN_SELF = YES;
				CLANG_WARN_OBJC_LITERAL_CONVERSION = YES;
				CLANG_WARN_OBJC_ROOT_CLASS = YES_ERROR;
				CLANG_WARN_QUOTED_INCLUDE_IN_FRAMEWORK_HEADER = YES;
				CLANG_WARN_RANGE_LOOP_ANALYSIS = YES;
				CLANG_WARN_STRICT_PROTOTYPES = YES;
				CLANG_WARN_SUSPICIOUS_MOVE = YES;
				CLANG_WARN_UNGUARDED_AVAILABILITY = YES_AGGRESSIVE;
				CLANG_WARN_UNREACHABLE_CODE = YES;
				CLANG_WARN__DUPLICATE_METHOD_MATCH = YES;
				COPY_PHASE_STRIP = NO;
				DEBUG_INFORMATION_FORMAT = "dwarf-with-dsym";
				ENABLE_NS_ASSERTIONS = NO;
				ENABLE_STRICT_OBJC_MSGSEND = YES;
				GCC_C_LANGUAGE_STANDARD = gnu11;
				GCC_NO_COMMON_BLOCKS = YES;
				GCC_WARN_64_TO_32_BIT_CONVERSION = YES;
				GCC_WARN_ABOUT_RETURN_TYPE = YES_ERROR;
				GCC_WARN_UNDECLARED_SELECTOR = YES;
				GCC_WARN_UNINITIALIZED_AUTOS = YES_AGGRESSIVE;
				GCC_WARN_UNUSED_FUNCTION = YES;
				GCC_WARN_UNUSED_VARIABLE = YES;
				IPHONEOS_DEPLOYMENT_TARGET = 14.5;
				MTL_ENABLE_DEBUG_INFO = NO;
				MTL_FAST_MATH = YES;
				SDKROOT = iphoneos;
				SWIFT_COMPILATION_MODE = wholemodule;
				SWIFT_OPTIMIZATION_LEVEL = "-O";
				VALIDATE_PRODUCT = YES;
			};
			name = Release;
		};
		BF34BE4226B3276E00D378F9 /* Debug */ = {
			isa = XCBuildConfiguration;
			buildSettings = {
				ASSETCATALOG_COMPILER_APPICON_NAME = AppIcon;
				ASSETCATALOG_COMPILER_GLOBAL_ACCENT_COLOR_NAME = AccentColor;
				CODE_SIGN_STYLE = Automatic;
				DEVELOPMENT_ASSET_PATHS = "\"ErrorHandlingExample/Preview Content\"";
				DEVELOPMENT_TEAM = R476D442DR;
				ENABLE_PREVIEWS = YES;
				INFOPLIST_FILE = ErrorHandlingExample/Info.plist;
				IPHONEOS_DEPLOYMENT_TARGET = 14.0;
				LD_RUNPATH_SEARCH_PATHS = (
					"$(inherited)",
					"@executable_path/Frameworks",
				);
				PRODUCT_BUNDLE_IDENTIFIER = com.example.ErrorHandlingExample;
				PRODUCT_NAME = "$(TARGET_NAME)";
				SWIFT_VERSION = 5.0;
				TARGETED_DEVICE_FAMILY = "1,2";
			};
			name = Debug;
		};
		BF34BE4326B3276E00D378F9 /* Release */ = {
			isa = XCBuildConfiguration;
			buildSettings = {
				ASSETCATALOG_COMPILER_APPICON_NAME = AppIcon;
				ASSETCATALOG_COMPILER_GLOBAL_ACCENT_COLOR_NAME = AccentColor;
				CODE_SIGN_STYLE = Automatic;
				DEVELOPMENT_ASSET_PATHS = "\"ErrorHandlingExample/Preview Content\"";
				DEVELOPMENT_TEAM = R476D442DR;
				ENABLE_PREVIEWS = YES;
				INFOPLIST_FILE = ErrorHandlingExample/Info.plist;
				IPHONEOS_DEPLOYMENT_TARGET = 14.0;
				LD_RUNPATH_SEARCH_PATHS = (
					"$(inherited)",
					"@executable_path/Frameworks",
				);
				PRODUCT_BUNDLE_IDENTIFIER = com.example.ErrorHandlingExample;
				PRODUCT_NAME = "$(TARGET_NAME)";
				SWIFT_VERSION = 5.0;
				TARGETED_DEVICE_FAMILY = "1,2";
			};
			name = Release;
		};
/* End XCBuildConfiguration section */

/* Begin XCConfigurationList section */
		BF34BE2D26B3276E00D378F9 /* Build configuration list for PBXProject "ErrorHandlingExample" */ = {
			isa = XCConfigurationList;
			buildConfigurations = (
				BF34BE3F26B3276E00D378F9 /* Debug */,
				BF34BE4026B3276E00D378F9 /* Release */,
			);
			defaultConfigurationIsVisible = 0;
			defaultConfigurationName = Release;
		};
		BF34BE4126B3276E00D378F9 /* Build configuration list for PBXNativeTarget "ErrorHandlingExample" */ = {
			isa = XCConfigurationList;
			buildConfigurations = (
				BF34BE4226B3276E00D378F9 /* Debug */,
				BF34BE4326B3276E00D378F9 /* Release */,
			);
			defaultConfigurationIsVisible = 0;
			defaultConfigurationName = Release;
		};
/* End XCConfigurationList section */
	};
	rootObject = BF34BE2A26B3276E00D378F9 /* Project object */;
}
